hash: 62ea0a0876a95b5c924d9867118ab9ef9eb7a88165499254d03a13bea80c60e5
updated: 2019-05-09T17:43:14.913220399+02:00
imports:
- name: github.com/dgrijalva/jwt-go
  version: 06ea1031745cb8b3dab3f6a236daf2b0aa468b7e
- name: github.com/gin-contrib/sse
  version: 5545eab6dad3bbbd6c5ae9186383c2a9d23c0dae
- name: github.com/gin-gonic/gin
  version: b75d67cd51eb53c3c3a2fc406524c940021ffbda
  subpackages:
  - binding
  - internal/json
  - render
- name: github.com/golang/protobuf
  version: e91709a02e0e8ff8b86b7aa913fdc9ae9498e825
  subpackages:
  - proto
- name: github.com/jinzhu/gorm
  version: b7156195f7f3415f97c20abbd6aff894b847fee8
- name: github.com/jinzhu/inflection
  version: 04140366298a54a039076d798123ffa108fff46c
- name: github.com/joho/godotenv
  version: 23d116af351c84513e1946b527c88823e476be13
- name: github.com/json-iterator/go
  version: 0ff49de124c6f76f8494e194af75bde0f1a49a29
- name: github.com/mattn/go-isatty
  version: c1975dc15c1d481e8da23f6ed313bb071136b98f
- name: github.com/mattn/go-sqlite3
  version: c7c4067b79cc51e6dfdcef5c702e74b1e0fa7c75
- name: github.com/modern-go/concurrent
  version: bacd9c7ef1dd9b15be4a9909b8ac7a4e313eec94
- name: github.com/modern-go/reflect2
  version: 94122c33edd36123c84d5368cfb2b69df93a0ec8
- name: github.com/ugorji/go
  version: 08f7b401aef15f3d544472dd46bf6788cdfe55bf
  subpackages:
  - codec
- name: golang.org/x/crypto
  version: e1dfcc566284e143ba8f9afbb3fa563f2a0d212b
  subpackages:
  - bcrypt
  - blowfish
- name: golang.org/x/sys
  version: a5b02f93d862f065920dd6a40dddc66b60d0dec4
  subpackages:
  - unix
- name: gopkg.in/go-playground/validator.v8
  version: 5f1438d3fca68893a817e4a66806cea46a9e4ebf
- name: gopkg.in/yaml.v2
  version: 51d6538a90f86fe93ac480b35f37b2be17fef232
testImports: []
